
Microsoft Visual Studio Solution File, Format Version 12.00
# Visual Studio 15
Project("{FAE04EC0-301F-11D3-BF4B-00C04F79EFBC}") = "SkyworthVRDemo", "SkyworthVRDemo.csproj", "{8144B622-855D-07FB-93D8-9B70AC117B40}"
EndProject
Project("{FAE04EC0-301F-11D3-BF4B-00C04F79EFBC}") = "SkyworthVRDemo.Editor", "SkyworthVRDemo.Editor.csproj", "{FD4E98CE-D389-9353-7F60-3D26F6AEF54C}"
EndProject
Global
	GlobalSection(SolutionConfigurationPlatforms) = preSolution
		Debug|Any CPU = Debug|Any CPU
		Release|Any CPU = Release|Any CPU
	EndGlobalSection
	GlobalSection(ProjectConfigurationPlatforms) = postSolution
		{8144B622-855D-07FB-93D8-9B70AC117B40}.Debug|Any CPU.ActiveCfg = Debug|Any CPU
		{8144B622-855D-07FB-93D8-9B70AC117B40}.Debug|Any CPU.Build.0 = Debug|Any CPU
		{8144B622-855D-07FB-93D8-9B70AC117B40}.Release|Any CPU.ActiveCfg = Release|Any CPU
		{8144B622-855D-07FB-93D8-9B70AC117B40}.Release|Any CPU.Build.0 = Release|Any CPU
		{FD4E98CE-D389-9353-7F60-3D26F6AEF54C}.Debug|Any CPU.ActiveCfg = Debug|Any CPU
		{FD4E98CE-D389-9353-7F60-3D26F6AEF54C}.Debug|Any CPU.Build.0 = Debug|Any CPU
		{FD4E98CE-D389-9353-7F60-3D26F6AEF54C}.Release|Any CPU.ActiveCfg = Release|Any CPU
		{FD4E98CE-D389-9353-7F60-3D26F6AEF54C}.Release|Any CPU.Build.0 = Release|Any CPU
	EndGlobalSection
	GlobalSection(SolutionProperties) = preSolution
		HideSolutionNode = FALSE
	EndGlobalSection
EndGlobal
