
Microsoft Visual Studio Solution File, Format Version 12.00
# Visual Studio 15
Project("{FAE04EC0-301F-11D3-BF4B-00C04F79EFBC}") = "SkyworthLauncher", "SkyworthLauncher.csproj", "{070D16D1-38D6-0F22-41B4-C6DE01ADC71A}"
EndProject
Project("{FAE04EC0-301F-11D3-BF4B-00C04F79EFBC}") = "SkyworthLauncher.Editor", "SkyworthLauncher.Editor.csproj", "{EE84123C-0D00-8227-7332-8200829CAC34}"
EndProject
Global
	GlobalSection(SolutionConfigurationPlatforms) = preSolution
		Debug|Any CPU = Debug|Any CPU
		Release|Any CPU = Release|Any CPU
	EndGlobalSection
	GlobalSection(ProjectConfigurationPlatforms) = postSolution
		{070D16D1-38D6-0F22-41B4-C6DE01ADC71A}.Debug|Any CPU.ActiveCfg = Debug|Any CPU
		{070D16D1-38D6-0F22-41B4-C6DE01ADC71A}.Debug|Any CPU.Build.0 = Debug|Any CPU
		{070D16D1-38D6-0F22-41B4-C6DE01ADC71A}.Release|Any CPU.ActiveCfg = Release|Any CPU
		{070D16D1-38D6-0F22-41B4-C6DE01ADC71A}.Release|Any CPU.Build.0 = Release|Any CPU
		{EE84123C-0D00-8227-7332-8200829CAC34}.Debug|Any CPU.ActiveCfg = Debug|Any CPU
		{EE84123C-0D00-8227-7332-8200829CAC34}.Debug|Any CPU.Build.0 = Debug|Any CPU
		{EE84123C-0D00-8227-7332-8200829CAC34}.Release|Any CPU.ActiveCfg = Release|Any CPU
		{EE84123C-0D00-8227-7332-8200829CAC34}.Release|Any CPU.Build.0 = Release|Any CPU
	EndGlobalSection
	GlobalSection(SolutionProperties) = preSolution
		HideSolutionNode = FALSE
	EndGlobalSection
EndGlobal
